// !$*UTF8*$!
{
	archiveVersion = 1;
	classes = {
	};
	objectVersion = 77;
	objects = {

/* Begin PBXBuildFile section */
		1D07E608805D28C08783F1DF /* MLXScaleLSD in Frameworks */ = {isa = PBXBuildFile; productRef = 92284A688C13DC56758BECF6 /* MLXScaleLSD */; };
		2A2F9DAB3DA492157E9D55A0 /* ScaleLSDDemoApp.swift in Sources */ = {isa = PBXBuildFile; fileRef = B3C542E6B7C70DFE18AFDDF9 /* ScaleLSDDemoApp.swift */; };
		4D685E6B493C82025FCCE5CD /* DetectorModel.swift in Sources */ = {isa = PBXBuildFile; fileRef = 19B97B89D80C4D6B7DAD254A /* DetectorModel.swift */; };
/* End PBXBuildFile section */

/* Begin PBXFileReference section */
		01E5AE221A86E6D87612E143 /* mlx-swift-ScaleLSD */ = {isa = PBXFileReference; lastKnownFileType = folder; name = "mlx-swift-ScaleLSD"; path = ../..; sourceTree = SOURCE_ROOT; };
		19B97B89D80C4D6B7DAD254A /* DetectorModel.swift */ = {isa = PBXFileReference; lastKnownFileType = sourcecode.swift; path = DetectorModel.swift; sourceTree = "<group>"; };
		A5173E87DB1B693E4D791C82 /* ScaleLSDDemo.app */ = {isa = PBXFileReference; explicitFileType = wrapper.application; includeInIndex = 0; path = ScaleLSDDemo.app; sourceTree = BUILT_PRODUCTS_DIR; };
		B3C542E6B7C70DFE18AFDDF9 /* ScaleLSDDemoApp.swift */ = {isa = PBXFileReference; lastKnownFileType = sourcecode.swift; path = ScaleLSDDemoApp.swift; sourceTree = "<group>"; };
		B55C02D85AB6C46D2BB9ACCC /* ScaleLSDDemo.entitlements */ = {isa = PBXFileReference; lastKnownFileType = text.plist.entitlements; path = ScaleLSDDemo.entitlements; sourceTree = "<group>"; };
/* End PBXFileReference section */

/* Begin PBXFrameworksBuildPhase section */
		1890B594B085BB3212886CE6 /* Frameworks */ = {
			isa = PBXFrameworksBuildPhase;
			buildActionMask = 2147483647;
			files = (
				1D07E608805D28C08783F1DF /* MLXScaleLSD in Frameworks */,
			);
			runOnlyForDeploymentPostprocessing = 0;
		};
/* End PBXFrameworksBuildPhase section */

/* Begin PBXGroup section */
		636A766C851E9A5C6851EC48 /* Products */ = {
			isa = PBXGroup;
			children = (
				A5173E87DB1B693E4D791C82 /* ScaleLSDDemo.app */,
			);
			name = Products;
			sourceTree = "<group>";
		};
		D54F624402EFA46AC293A245 = {
			isa = PBXGroup;
			children = (
				FAC3297157DD183C46B48873 /* Packages */,
				F84A6E415C18A64BC8FD1B15 /* ScaleLSDDemo */,
				636A766C851E9A5C6851EC48 /* Products */,
			);
			sourceTree = "<group>";
		};
		F84A6E415C18A64BC8FD1B15 /* ScaleLSDDemo */ = {
			isa = PBXGroup;
			children = (
				19B97B89D80C4D6B7DAD254A /* DetectorModel.swift */,
				B55C02D85AB6C46D2BB9ACCC /* ScaleLSDDemo.entitlements */,
				B3C542E6B7C70DFE18AFDDF9 /* ScaleLSDDemoApp.swift */,
			);
			path = ScaleLSDDemo;
			sourceTree = "<group>";
		};
		FAC3297157DD183C46B48873 /* Packages */ = {
			isa = PBXGroup;
			children = (
				01E5AE221A86E6D87612E143 /* mlx-swift-ScaleLSD */,
			);
			name = Packages;
			sourceTree = "<group>";
		};
/* End PBXGroup section */

/* Begin PBXNativeTarget section */
		C6E86CE4923644A4869EE0EA /* ScaleLSDDemo */ = {
			isa = PBXNativeTarget;
			buildConfigurationList = 286F5E45212F4286C66B1C97 /* Build configuration list for PBXNativeTarget "ScaleLSDDemo" */;
			buildPhases = (
				2C87C1448F0DB81A67F39432 /* Sources */,
				1890B594B085BB3212886CE6 /* Frameworks */,
			);
			buildRules = (
			);
			dependencies = (
			);
			name = ScaleLSDDemo;
			packageProductDependencies = (
				92284A688C13DC56758BECF6 /* MLXScaleLSD */,
			);
			productName = ScaleLSDDemo;
			productReference = A5173E87DB1B693E4D791C82 /* ScaleLSDDemo.app */;
			productType = "com.apple.product-type.application";
		};
/* End PBXNativeTarget section */

/* Begin PBXProject section */
		173C6072B948B73A352DC9FF /* Project object */ = {
			isa = PBXProject;
			attributes = {
				BuildIndependentTargetsInParallel = YES;
				LastUpgradeCheck = 1430;
				TargetAttributes = {
				};
			};
			buildConfigurationList = E8F38794A87C6EC7B9BB46FE /* Build configuration list for PBXProject "ScaleLSDDemo" */;
			developmentRegion = en;
			hasScannedForEncodings = 0;
			knownRegions = (
				Base,
				en,
			);
			mainGroup = D54F624402EFA46AC293A245;
			minimizedProjectReferenceProxies = 1;
			packageReferences = (
				A60C9C0C11E40D9B3940E220 /* XCLocalSwiftPackageReference "../.." */,
			);
			preferredProjectObjectVersion = 77;
			productRefGroup = 636A766C851E9A5C6851EC48 /* Products */;
			projectDirPath = "";
			projectRoot = "";
			targets = (
				C6E86CE4923644A4869EE0EA /* ScaleLSDDemo */,
			);
		};
/* End PBXProject section */

/* Begin PBXSourcesBuildPhase section */
		2C87C1448F0DB81A67F39432 /* Sources */ = {
			isa = PBXSourcesBuildPhase;
			buildActionMask = 2147483647;
			files = (
				4D685E6B493C82025FCCE5CD /* DetectorModel.swift in Sources */,
				2A2F9DAB3DA492157E9D55A0 /* ScaleLSDDemoApp.swift in Sources */,
			);
			runOnlyForDeploymentPostprocessing = 0;
		};
/* End PBXSourcesBuildPhase section */

/* Begin XCBuildConfiguration section */
		38118617D323672103EB9E0B /* Debug */ = {
			isa = XCBuildConfiguration;
			buildSettings = {
				ASSETCATALOG_COMPILER_APPICON_NAME = AppIcon;
				CODE_SIGNING_ALLOWED = YES;
				CODE_SIGNING_REQUIRED = YES;
				CODE_SIGN_ENTITLEMENTS = ScaleLSDDemo/ScaleLSDDemo.entitlements;
				CODE_SIGN_IDENTITY = "-";
				COMBINE_HIDPI_IMAGES = YES;
				CURRENT_PROJECT_VERSION = 1;
				GENERATE_INFOPLIST_FILE = YES;
				INFOPLIST_KEY_LSApplicationCategoryType = "public.app-category.developer-tools";
				INFOPLIST_KEY_NSHumanReadableCopyright = "";
				INFOPLIST_KEY_NSMainStoryboardFile = "";
				LD_RUNPATH_SEARCH_PATHS = (
					"$(inherited)",
					"@executable_path/../Frameworks",
				);
				MARKETING_VERSION = 0.1.0;
				PRODUCT_BUNDLE_IDENTIFIER = com.mnmly.ScaleLSDDemo;
				PRODUCT_NAME = ScaleLSDDemo;
				SDKROOT = macosx;
				SWIFT_STRICT_CONCURRENCY = complete;
				SWIFT_VERSION = 6.0;
			};
			name = Debug;
		};
		511FBF834798266353AE2556 /* Debug */ = {
			isa = XCBuildConfiguration;
			buildSettings = {
				ALWAYS_SEARCH_USER_PATHS = NO;
				CLANG_ANALYZER_NONNULL = YES;
				CLANG_ANALYZER_NUMBER_OBJECT_CONVERSION = YES_AGGRESSIVE;
				CLANG_CXX_LANGUAGE_STANDARD = "gnu++14";
				CLANG_CXX_LIBRARY = "libc++";
				CLANG_ENABLE_MODULES = YES;
				CLANG_ENABLE_OBJC_ARC = YES;
				CLANG_ENABLE_OBJC_WEAK = YES;
				CLANG_WARN_BLOCK_CAPTURE_AUTORELEASING = YES;
				CLANG_WARN_BOOL_CONVERSION = YES;
				CLANG_WARN_COMMA = YES;
				CLANG_WARN_CONSTANT_CONVERSION = YES;
				CLANG_WARN_DEPRECATED_OBJC_IMPLEMENTATIONS = YES;
				CLANG_WARN_DIRECT_OBJC_ISA_USAGE = YES_ERROR;
				CLANG_WARN_DOCUMENTATION_COMMENTS = YES;
				CLANG_WARN_EMPTY_BODY = YES;
				CLANG_WARN_ENUM_CONVERSION = YES;
				CLANG_WARN_INFINITE_RECURSION = YES;
				CLANG_WARN_INT_CONVERSION = YES;
				CLANG_WARN_NON_LITERAL_NULL_CONVERSION = YES;
				CLANG_WARN_OBJC_IMPLICIT_RETAIN_SELF = YES;
				CLANG_WARN_OBJC_LITERAL_CONVERSION = YES;
				CLANG_WARN_OBJC_ROOT_CLASS = YES_ERROR;
				CLANG_WARN_QUOTED_INCLUDE_IN_FRAMEWORK_HEADER = YES;
				CLANG_WARN_RANGE_LOOP_ANALYSIS = YES;
				CLANG_WARN_STRICT_PROTOTYPES = YES;
				CLANG_WARN_SUSPICIOUS_MOVE = YES;
				CLANG_WARN_UNGUARDED_AVAILABILITY = YES_AGGRESSIVE;
				CLANG_WARN_UNREACHABLE_CODE = YES;
				CLANG_WARN__DUPLICATE_METHOD_MATCH = YES;
				COPY_PHASE_STRIP = NO;
				DEBUG_INFORMATION_FORMAT = dwarf;
				ENABLE_STRICT_OBJC_MSGSEND = YES;
				ENABLE_TESTABILITY = YES;
				GCC_C_LANGUAGE_STANDARD = gnu11;
				GCC_DYNAMIC_NO_PIC = NO;
				GCC_NO_COMMON_BLOCKS = YES;
				GCC_OPTIMIZATION_LEVEL = 0;
				GCC_PREPROCESSOR_DEFINITIONS = (
					"$(inherited)",
					"DEBUG=1",
				);
				GCC_WARN_64_TO_32_BIT_CONVERSION = YES;
				GCC_WARN_ABOUT_RETURN_TYPE = YES_ERROR;
				GCC_WARN_UNDECLARED_SELECTOR = YES;
				GCC_WARN_UNINITIALIZED_AUTOS = YES_AGGRESSIVE;
				GCC_WARN_UNUSED_FUNCTION = YES;
				GCC_WARN_UNUSED_VARIABLE = YES;
				MACOSX_DEPLOYMENT_TARGET = 15.0;
				MTL_ENABLE_DEBUG_INFO = INCLUDE_SOURCE;
				MTL_FAST_MATH = YES;
				ONLY_ACTIVE_ARCH = YES;
				PRODUCT_NAME = "$(TARGET_NAME)";
				SDKROOT = macosx;
				SWIFT_ACTIVE_COMPILATION_CONDITIONS = DEBUG;
				SWIFT_OPTIMIZATION_LEVEL = "-Onone";
				SWIFT_VERSION = 5.0;
			};
			name = Debug;
		};
		C4009422EFC4175232EFD157 /* Release */ = {
			isa = XCBuildConfiguration;
			buildSettings = {
				ASSETCATALOG_COMPILER_APPICON_NAME = AppIcon;
				CODE_SIGNING_ALLOWED = YES;
				CODE_SIGNING_REQUIRED = YES;
				CODE_SIGN_ENTITLEMENTS = ScaleLSDDemo/ScaleLSDDemo.entitlements;
				CODE_SIGN_IDENTITY = "-";
				COMBINE_HIDPI_IMAGES = YES;
				CURRENT_PROJECT_VERSION = 1;
				GENERATE_INFOPLIST_FILE = YES;
				INFOPLIST_KEY_LSApplicationCategoryType = "public.app-category.developer-tools";
				INFOPLIST_KEY_NSHumanReadableCopyright = "";
				INFOPLIST_KEY_NSMainStoryboardFile = "";
				LD_RUNPATH_SEARCH_PATHS = (
					"$(inherited)",
					"@executable_path/../Frameworks",
				);
				MARKETING_VERSION = 0.1.0;
				PRODUCT_BUNDLE_IDENTIFIER = com.mnmly.ScaleLSDDemo;
				PRODUCT_NAME = ScaleLSDDemo;
				SDKROOT = macosx;
				SWIFT_STRICT_CONCURRENCY = complete;
				SWIFT_VERSION = 6.0;
			};
			name = Release;
		};
		C839C259F1194D39475F02FE /* Release */ = {
			isa = XCBuildConfiguration;
			buildSettings = {
				ALWAYS_SEARCH_USER_PATHS = NO;
				CLANG_ANALYZER_NONNULL = YES;
				CLANG_ANALYZER_NUMBER_OBJECT_CONVERSION = YES_AGGRESSIVE;
				CLANG_CXX_LANGUAGE_STANDARD = "gnu++14";
				CLANG_CXX_LIBRARY = "libc++";
				CLANG_ENABLE_MODULES = YES;
				CLANG_ENABLE_OBJC_ARC = YES;
				CLANG_ENABLE_OBJC_WEAK = YES;
				CLANG_WARN_BLOCK_CAPTURE_AUTORELEASING = YES;
				CLANG_WARN_BOOL_CONVERSION = YES;
				CLANG_WARN_COMMA = YES;
				CLANG_WARN_CONSTANT_CONVERSION = YES;
				CLANG_WARN_DEPRECATED_OBJC_IMPLEMENTATIONS = YES;
				CLANG_WARN_DIRECT_OBJC_ISA_USAGE = YES_ERROR;
				CLANG_WARN_DOCUMENTATION_COMMENTS = YES;
				CLANG_WARN_EMPTY_BODY = YES;
				CLANG_WARN_ENUM_CONVERSION = YES;
				CLANG_WARN_INFINITE_RECURSION = YES;
				CLANG_WARN_INT_CONVERSION = YES;
				CLANG_WARN_NON_LITERAL_NULL_CONVERSION = YES;
				CLANG_WARN_OBJC_IMPLICIT_RETAIN_SELF = YES;
				CLANG_WARN_OBJC_LITERAL_CONVERSION = YES;
				CLANG_WARN_OBJC_ROOT_CLASS = YES_ERROR;
				CLANG_WARN_QUOTED_INCLUDE_IN_FRAMEWORK_HEADER = YES;
				CLANG_WARN_RANGE_LOOP_ANALYSIS = YES;
				CLANG_WARN_STRICT_PROTOTYPES = YES;
				CLANG_WARN_SUSPICIOUS_MOVE = YES;
				CLANG_WARN_UNGUARDED_AVAILABILITY = YES_AGGRESSIVE;
				CLANG_WARN_UNREACHABLE_CODE = YES;
				CLANG_WARN__DUPLICATE_METHOD_MATCH = YES;
				COPY_PHASE_STRIP = NO;
				DEBUG_INFORMATION_FORMAT = "dwarf-with-dsym";
				ENABLE_NS_ASSERTIONS = NO;
				ENABLE_STRICT_OBJC_MSGSEND = YES;
				GCC_C_LANGUAGE_STANDARD = gnu11;
				GCC_NO_COMMON_BLOCKS = YES;
				GCC_WARN_64_TO_32_BIT_CONVERSION = YES;
				GCC_WARN_ABOUT_RETURN_TYPE = YES_ERROR;
				GCC_WARN_UNDECLARED_SELECTOR = YES;
				GCC_WARN_UNINITIALIZED_AUTOS = YES_AGGRESSIVE;
				GCC_WARN_UNUSED_FUNCTION = YES;
				GCC_WARN_UNUSED_VARIABLE = YES;
				MACOSX_DEPLOYMENT_TARGET = 15.0;
				MTL_ENABLE_DEBUG_INFO = NO;
				MTL_FAST_MATH = YES;
				PRODUCT_NAME = "$(TARGET_NAME)";
				SDKROOT = macosx;
				SWIFT_COMPILATION_MODE = wholemodule;
				SWIFT_OPTIMIZATION_LEVEL = "-O";
				SWIFT_VERSION = 5.0;
			};
			name = Release;
		};
/* End XCBuildConfiguration section */

/* Begin XCConfigurationList section */
		286F5E45212F4286C66B1C97 /* Build configuration list for PBXNativeTarget "ScaleLSDDemo" */ = {
			isa = XCConfigurationList;
			buildConfigurations = (
				38118617D323672103EB9E0B /* Debug */,
				C4009422EFC4175232EFD157 /* Release */,
			);
			defaultConfigurationIsVisible = 0;
			defaultConfigurationName = Debug;
		};
		E8F38794A87C6EC7B9BB46FE /* Build configuration list for PBXProject "ScaleLSDDemo" */ = {
			isa = XCConfigurationList;
			buildConfigurations = (
				511FBF834798266353AE2556 /* Debug */,
				C839C259F1194D39475F02FE /* Release */,
			);
			defaultConfigurationIsVisible = 0;
			defaultConfigurationName = Debug;
		};
/* End XCConfigurationList section */

/* Begin XCLocalSwiftPackageReference section */
		A60C9C0C11E40D9B3940E220 /* XCLocalSwiftPackageReference "../.." */ = {
			isa = XCLocalSwiftPackageReference;
			relativePath = ../..;
		};
/* End XCLocalSwiftPackageReference section */

/* Begin XCSwiftPackageProductDependency section */
		92284A688C13DC56758BECF6 /* MLXScaleLSD */ = {
			isa = XCSwiftPackageProductDependency;
			productName = MLXScaleLSD;
		};
/* End XCSwiftPackageProductDependency section */
	};
	rootObject = 173C6072B948B73A352DC9FF /* Project object */;
}
